
Microsoft Visual Studio Solution File, Format Version 12.00
# Visual Studio Version 16
VisualStudioVersion = 16.0.32126.315
MinimumVisualStudioVersion = 10.0.40219.1
Project("{FAE04EC0-301F-11D3-BF4B-00C04F79EFBC}") = "FirstAspNetCore", "FirstAspNetCore.csproj", "{C58D1117-A817-443C-9B2A-AC775E2F8886}"
EndProject
Global
	GlobalSection(SolutionConfigurationPlatforms) = preSolution
		Debug|Any CPU = Debug|Any CPU
		Release|Any CPU = Release|Any CPU
	EndGlobalSection
	GlobalSection(ProjectConfigurationPlatforms) = postSolution
		{C58D1117-A817-443C-9B2A-AC775E2F8886}.Debug|Any CPU.ActiveCfg = Debug|Any CPU
		{C58D1117-A817-443C-9B2A-AC775E2F8886}.Debug|Any CPU.Build.0 = Debug|Any CPU
		{C58D1117-A817-443C-9B2A-AC775E2F8886}.Release|Any CPU.ActiveCfg = Release|Any CPU
		{C58D1117-A817-443C-9B2A-AC775E2F8886}.Release|Any CPU.Build.0 = Release|Any CPU
	EndGlobalSection
	GlobalSection(SolutionProperties) = preSolution
		HideSolutionNode = FALSE
	EndGlobalSection
	GlobalSection(ExtensibilityGlobals) = postSolution
		SolutionGuid = {5E765413-2030-49BD-9C3E-C41B6D49D524}
	EndGlobalSection
EndGlobal
